{
  "name": "meta-tiny-slider",
  "version": "1.0.0",
  "lockfileVersion": 1,
  "requires": true,
  "dependencies": {
    "tiny-slider": {
      "version": "2.9.3",
      "resolved": "https://registry.npmjs.org/tiny-slider/-/tiny-slider-2.9.3.tgz",
      "integrity": "sha512-KZY45m+t3fb3Kwlqsic0PIos1lgTNXBEC5N/AhI3aNEcryrd0nXohZMbVPMkcNYdbLjY1IUJAXWYAO6/RGJnKw=="
    }
  }
}
